
Microsoft Visual Studio Solution File, Format Version 12.00
Project("{2150E333-8FDC-42A3-9474-1A3956D46DE8}") = "Core", "Core", "{907046C7-435D-4E5C-918D-CBA1E1B365BB}"
EndProject
Project("{2150E333-8FDC-42A3-9474-1A3956D46DE8}") = "Infrastructure", "Infrastructure", "{2EE8F850-BDCE-4F2D-983E-B52E9D21342D}"
EndProject
Project("{2150E333-8FDC-42A3-9474-1A3956D46DE8}") = "Presentation", "Presentation", "{F37ECE3A-31F3-47B1-A328-61FCB84D3EC5}"
EndProject
Project("{FAE04EC0-301F-11D3-BF4B-00C04F79EFBC}") = "Gymify.Application", "Gymify.Application\Gymify.Application.csproj", "{B2C033E3-568F-48D4-9EDC-D5C21FA17E97}"
EndProject
Project("{FAE04EC0-301F-11D3-BF4B-00C04F79EFBC}") = "Gymify.Domain", "Gymify.Domain\Gymify.Domain.csproj", "{5C849655-1A51-4CF5-B4C8-F828DEC722A0}"
EndProject
Project("{FAE04EC0-301F-11D3-BF4B-00C04F79EFBC}") = "Gymify.Persistence", "Gymify.Persistence\Gymify.Persistence.csproj", "{11403B90-A32A-4A3F-B979-ED96B500C874}"
EndProject
Project("{FAE04EC0-301F-11D3-BF4B-00C04F79EFBC}") = "GymifyApi", "GymifyApi\GymifyApi.csproj", "{879835DF-FCD8-433A-B38A-AB4697D5756F}"
EndProject
Project("{FAE04EC0-301F-11D3-BF4B-00C04F79EFBC}") = "Gymify.Shared", "Gymify.Shared\Gymify.Shared.csproj", "{E420CAC8-4DB5-4A6D-AA51-1B282917E080}"
EndProject
Global
	GlobalSection(SolutionConfigurationPlatforms) = preSolution
		Debug|Any CPU = Debug|Any CPU
		Release|Any CPU = Release|Any CPU
	EndGlobalSection
	GlobalSection(NestedProjects) = preSolution
		{B2C033E3-568F-48D4-9EDC-D5C21FA17E97} = {907046C7-435D-4E5C-918D-CBA1E1B365BB}
		{5C849655-1A51-4CF5-B4C8-F828DEC722A0} = {907046C7-435D-4E5C-918D-CBA1E1B365BB}
		{11403B90-A32A-4A3F-B979-ED96B500C874} = {2EE8F850-BDCE-4F2D-983E-B52E9D21342D}
		{879835DF-FCD8-433A-B38A-AB4697D5756F} = {F37ECE3A-31F3-47B1-A328-61FCB84D3EC5}
		{E420CAC8-4DB5-4A6D-AA51-1B282917E080} = {907046C7-435D-4E5C-918D-CBA1E1B365BB}
	EndGlobalSection
	GlobalSection(ProjectConfigurationPlatforms) = postSolution
		{B2C033E3-568F-48D4-9EDC-D5C21FA17E97}.Debug|Any CPU.ActiveCfg = Debug|Any CPU
		{B2C033E3-568F-48D4-9EDC-D5C21FA17E97}.Debug|Any CPU.Build.0 = Debug|Any CPU
		{B2C033E3-568F-48D4-9EDC-D5C21FA17E97}.Release|Any CPU.ActiveCfg = Release|Any CPU
		{B2C033E3-568F-48D4-9EDC-D5C21FA17E97}.Release|Any CPU.Build.0 = Release|Any CPU
		{5C849655-1A51-4CF5-B4C8-F828DEC722A0}.Debug|Any CPU.ActiveCfg = Debug|Any CPU
		{5C849655-1A51-4CF5-B4C8-F828DEC722A0}.Debug|Any CPU.Build.0 = Debug|Any CPU
		{5C849655-1A51-4CF5-B4C8-F828DEC722A0}.Release|Any CPU.ActiveCfg = Release|Any CPU
		{5C849655-1A51-4CF5-B4C8-F828DEC722A0}.Release|Any CPU.Build.0 = Release|Any CPU
		{11403B90-A32A-4A3F-B979-ED96B500C874}.Debug|Any CPU.ActiveCfg = Debug|Any CPU
		{11403B90-A32A-4A3F-B979-ED96B500C874}.Debug|Any CPU.Build.0 = Debug|Any CPU
		{11403B90-A32A-4A3F-B979-ED96B500C874}.Release|Any CPU.ActiveCfg = Release|Any CPU
		{11403B90-A32A-4A3F-B979-ED96B500C874}.Release|Any CPU.Build.0 = Release|Any CPU
		{879835DF-FCD8-433A-B38A-AB4697D5756F}.Debug|Any CPU.ActiveCfg = Debug|Any CPU
		{879835DF-FCD8-433A-B38A-AB4697D5756F}.Debug|Any CPU.Build.0 = Debug|Any CPU
		{879835DF-FCD8-433A-B38A-AB4697D5756F}.Release|Any CPU.ActiveCfg = Release|Any CPU
		{879835DF-FCD8-433A-B38A-AB4697D5756F}.Release|Any CPU.Build.0 = Release|Any CPU
		{E420CAC8-4DB5-4A6D-AA51-1B282917E080}.Debug|Any CPU.ActiveCfg = Debug|Any CPU
		{E420CAC8-4DB5-4A6D-AA51-1B282917E080}.Debug|Any CPU.Build.0 = Debug|Any CPU
		{E420CAC8-4DB5-4A6D-AA51-1B282917E080}.Release|Any CPU.ActiveCfg = Release|Any CPU
		{E420CAC8-4DB5-4A6D-AA51-1B282917E080}.Release|Any CPU.Build.0 = Release|Any CPU
	EndGlobalSection
EndGlobal
